{
  "name": "@polkadapt/coingecko",
  "version": "1.0.0",
  "lockfileVersion": 2,
  "requires": true,
  "packages": {
    "": {
      "name": "@polkadapt/coingecko",
      "version": "1.0.0",
      "license": "Apache-2.0",
      "devDependencies": {
        "@polkadapt/core": "file:../../dist/core"
      },
      "peerDependencies": {
        "@polkadapt/core": "1.0.0"
      }
    },
    "../../dist/core": {
      "version": "1.0.0",
      "dev": true,
      "license": "Apache-2.0",
      "dependencies": {
        "tslib": "^2.3.0"
      }
    },
    "node_modules/@polkadapt/core": {
      "resolved": "../../dist/core",
      "link": true
    }
  },
  "dependencies": {
    "@polkadapt/core": {
      "version": "file:../../dist/core",
      "requires": {
        "tslib": "^2.3.0"
      }
    }
  }
}
